
Microsoft Visual Studio Solution File, Format Version 11.00
# Visual Studio 2010
Project("{FAE04EC0-301F-11D3-BF4B-00C04F79EFBC}") = "confop", "confop\confop.csproj", "{9FD57C3F-3682-418F-B117-A18A527BA10B}"
EndProject
Global
	GlobalSection(SolutionConfigurationPlatforms) = preSolution
		Debug|Any CPU = Debug|Any CPU
		Release|Any CPU = Release|Any CPU
	EndGlobalSection
	GlobalSection(ProjectConfigurationPlatforms) = postSolution
		{9FD57C3F-3682-418F-B117-A18A527BA10B}.Debug|Any CPU.ActiveCfg = Debug|Any CPU
		{9FD57C3F-3682-418F-B117-A18A527BA10B}.Debug|Any CPU.Build.0 = Debug|Any CPU
		{9FD57C3F-3682-418F-B117-A18A527BA10B}.Release|Any CPU.ActiveCfg = Release|Any CPU
		{9FD57C3F-3682-418F-B117-A18A527BA10B}.Release|Any CPU.Build.0 = Release|Any CPU
	EndGlobalSection
	GlobalSection(SolutionProperties) = preSolution
		HideSolutionNode = FALSE
	EndGlobalSection
EndGlobal
